Microsoft Visual Studio Solution File, Format Version 12.00
# Visual Studio 15
VisualStudioVersion = 14.0.25431.01
MinimumVisualStudioVersion = 10.0.40219.1
Project("{8BC9CEB8-8B4A-11D0-8D11-00A0C91BC942}") = "Trader", "Trader\Trader.vcxproj", "{21249F4C-2AEC-4026-AC25-F4965645EFC7}"
EndProject
Project("{8BC9CEB8-8B4A-11D0-8D11-00A0C91BC942}") = "HistoricalChart", "HistoricalChart\HistoricalChart.vcxproj", "{B12702AD-ABFB-343A-A199-8E24837244A3}"
EndProject
Project("{8BC9CEB8-8B4A-11D0-8D11-00A0C91BC942}") = "ChartMainWindowTest", "ChartMainWindowTest\ChartMainWindowTest.vcxproj", "{9CA39EE6-EBD1-4898-A8F6-01ADAEBCE78F}"
EndProject
Project("{8BC9CEB8-8B4A-11D0-8D11-00A0C91BC942}") = "QtFramework", "QtFramework\QtFramework.vcxproj", "{D9458997-9AFB-49F2-9640-5F71EC93993F}"
EndProject
Project("{8BC9CEB8-8B4A-11D0-8D11-00A0C91BC942}") = "TraderBusiness", "TraderBusiness\TraderBusiness.vcxproj", "{A721D590-34C1-453D-8DDC-C94840A62825}"
EndProject
Project("{8BC9CEB8-8B4A-11D0-8D11-00A0C91BC942}") = "decnumber", "decnumber\decnumber.vcxproj", "{1E9537AA-9A39-3888-968A-FFBDA8F6E408}"
EndProject
Project("{8BC9CEB8-8B4A-11D0-8D11-00A0C91BC942}") = "qdecimal_test", "qdecimal_test\qdecimal_test.vcxproj", "{518522A2-AFDE-3821-812A-CB1C1F5F01C6}"
EndProject
Project("{8BC9CEB8-8B4A-11D0-8D11-00A0C91BC942}") = "qdecimal", "QDecimal\qdecimal.vcxproj", "{924DF615-192C-3564-B3EF-CCB5D858BC0E}"
EndProject
Project("{8BC9CEB8-8B4A-11D0-8D11-00A0C91BC942}") = "TA-SDK", "TA-SDK\TA-SDK.vcxproj", "{8318DB72-E472-4356-81BC-927D90BC9BAE}"
EndProject
Global
	GlobalSection(SolutionConfigurationPlatforms) = preSolution
		Debug|ARM = Debug|ARM
		Debug|x64 = Debug|x64
		Debug|x86 = Debug|x86
		Release|ARM = Release|ARM
		Release|x64 = Release|x64
		Release|x86 = Release|x86
	EndGlobalSection
	GlobalSection(ProjectConfigurationPlatforms) = postSolution
		{21249F4C-2AEC-4026-AC25-F4965645EFC7}.Debug|ARM.ActiveCfg = Release|Win32
		{21249F4C-2AEC-4026-AC25-F4965645EFC7}.Debug|ARM.Build.0 = Release|Win32
		{21249F4C-2AEC-4026-AC25-F4965645EFC7}.Debug|x64.ActiveCfg = Debug|Win32
		{21249F4C-2AEC-4026-AC25-F4965645EFC7}.Debug|x86.ActiveCfg = Release|Win32
		{21249F4C-2AEC-4026-AC25-F4965645EFC7}.Debug|x86.Build.0 = Release|Win32
		{21249F4C-2AEC-4026-AC25-F4965645EFC7}.Release|ARM.ActiveCfg = Release|Win32
		{21249F4C-2AEC-4026-AC25-F4965645EFC7}.Release|ARM.Build.0 = Release|Win32
		{21249F4C-2AEC-4026-AC25-F4965645EFC7}.Release|x64.ActiveCfg = Release|Win32
		{21249F4C-2AEC-4026-AC25-F4965645EFC7}.Release|x86.ActiveCfg = Release|Win32
		{21249F4C-2AEC-4026-AC25-F4965645EFC7}.Release|x86.Build.0 = Release|Win32
		{B12702AD-ABFB-343A-A199-8E24837244A3}.Debug|ARM.ActiveCfg = Debug|Win32
		{B12702AD-ABFB-343A-A199-8E24837244A3}.Debug|x64.ActiveCfg = Debug|Win32
		{B12702AD-ABFB-343A-A199-8E24837244A3}.Debug|x86.ActiveCfg = Debug|Win32
		{B12702AD-ABFB-343A-A199-8E24837244A3}.Debug|x86.Build.0 = Debug|Win32
		{B12702AD-ABFB-343A-A199-8E24837244A3}.Release|ARM.ActiveCfg = Release|Win32
		{B12702AD-ABFB-343A-A199-8E24837244A3}.Release|x64.ActiveCfg = Release|Win32
		{B12702AD-ABFB-343A-A199-8E24837244A3}.Release|x86.ActiveCfg = Release|Win32
		{B12702AD-ABFB-343A-A199-8E24837244A3}.Release|x86.Build.0 = Release|Win32
		{9CA39EE6-EBD1-4898-A8F6-01ADAEBCE78F}.Debug|ARM.ActiveCfg = Debug|Win32
		{9CA39EE6-EBD1-4898-A8F6-01ADAEBCE78F}.Debug|x64.ActiveCfg = Debug|Win32
		{9CA39EE6-EBD1-4898-A8F6-01ADAEBCE78F}.Debug|x86.ActiveCfg = Debug|Win32
		{9CA39EE6-EBD1-4898-A8F6-01ADAEBCE78F}.Debug|x86.Build.0 = Debug|Win32
		{9CA39EE6-EBD1-4898-A8F6-01ADAEBCE78F}.Release|ARM.ActiveCfg = Release|Win32
		{9CA39EE6-EBD1-4898-A8F6-01ADAEBCE78F}.Release|x64.ActiveCfg = Release|Win32
		{9CA39EE6-EBD1-4898-A8F6-01ADAEBCE78F}.Release|x86.ActiveCfg = Release|Win32
		{9CA39EE6-EBD1-4898-A8F6-01ADAEBCE78F}.Release|x86.Build.0 = Release|Win32
		{D9458997-9AFB-49F2-9640-5F71EC93993F}.Debug|ARM.ActiveCfg = Release|Win32
		{D9458997-9AFB-49F2-9640-5F71EC93993F}.Debug|x64.ActiveCfg = Debug|Win32
		{D9458997-9AFB-49F2-9640-5F71EC93993F}.Debug|x86.ActiveCfg = Debug|Win32
		{D9458997-9AFB-49F2-9640-5F71EC93993F}.Debug|x86.Build.0 = Debug|Win32
		{D9458997-9AFB-49F2-9640-5F71EC93993F}.Release|ARM.ActiveCfg = Release|Win32
		{D9458997-9AFB-49F2-9640-5F71EC93993F}.Release|x64.ActiveCfg = Release|Win32
		{D9458997-9AFB-49F2-9640-5F71EC93993F}.Release|x86.ActiveCfg = Release|Win32
		{D9458997-9AFB-49F2-9640-5F71EC93993F}.Release|x86.Build.0 = Release|Win32
		{A721D590-34C1-453D-8DDC-C94840A62825}.Debug|ARM.ActiveCfg = Debug|Win32
		{A721D590-34C1-453D-8DDC-C94840A62825}.Debug|x64.ActiveCfg = Debug|Win32
		{A721D590-34C1-453D-8DDC-C94840A62825}.Debug|x86.ActiveCfg = Debug|Win32
		{A721D590-34C1-453D-8DDC-C94840A62825}.Debug|x86.Build.0 = Debug|Win32
		{A721D590-34C1-453D-8DDC-C94840A62825}.Release|ARM.ActiveCfg = Release|Win32
		{A721D590-34C1-453D-8DDC-C94840A62825}.Release|x64.ActiveCfg = Release|Win32
		{A721D590-34C1-453D-8DDC-C94840A62825}.Release|x86.ActiveCfg = Release|Win32
		{A721D590-34C1-453D-8DDC-C94840A62825}.Release|x86.Build.0 = Release|Win32
		{1E9537AA-9A39-3888-968A-FFBDA8F6E408}.Debug|ARM.ActiveCfg = Debug|Win32
		{1E9537AA-9A39-3888-968A-FFBDA8F6E408}.Debug|x64.ActiveCfg = Debug|Win32
		{1E9537AA-9A39-3888-968A-FFBDA8F6E408}.Debug|x86.ActiveCfg = Debug|Win32
		{1E9537AA-9A39-3888-968A-FFBDA8F6E408}.Debug|x86.Build.0 = Debug|Win32
		{1E9537AA-9A39-3888-968A-FFBDA8F6E408}.Release|ARM.ActiveCfg = Release|Win32
		{1E9537AA-9A39-3888-968A-FFBDA8F6E408}.Release|x64.ActiveCfg = Release|Win32
		{1E9537AA-9A39-3888-968A-FFBDA8F6E408}.Release|x86.ActiveCfg = Release|Win32
		{1E9537AA-9A39-3888-968A-FFBDA8F6E408}.Release|x86.Build.0 = Release|Win32
		{518522A2-AFDE-3821-812A-CB1C1F5F01C6}.Debug|ARM.ActiveCfg = Debug|Win32
		{518522A2-AFDE-3821-812A-CB1C1F5F01C6}.Debug|x64.ActiveCfg = Debug|Win32
		{518522A2-AFDE-3821-812A-CB1C1F5F01C6}.Debug|x86.ActiveCfg = Debug|Win32
		{518522A2-AFDE-3821-812A-CB1C1F5F01C6}.Debug|x86.Build.0 = Debug|Win32
		{518522A2-AFDE-3821-812A-CB1C1F5F01C6}.Release|ARM.ActiveCfg = Release|Win32
		{518522A2-AFDE-3821-812A-CB1C1F5F01C6}.Release|x64.ActiveCfg = Release|Win32
		{518522A2-AFDE-3821-812A-CB1C1F5F01C6}.Release|x86.ActiveCfg = Release|Win32
		{518522A2-AFDE-3821-812A-CB1C1F5F01C6}.Release|x86.Build.0 = Release|Win32
		{924DF615-192C-3564-B3EF-CCB5D858BC0E}.Debug|ARM.ActiveCfg = Debug|Win32
		{924DF615-192C-3564-B3EF-CCB5D858BC0E}.Debug|x64.ActiveCfg = Debug|Win32
		{924DF615-192C-3564-B3EF-CCB5D858BC0E}.Debug|x86.ActiveCfg = Debug|Win32
		{924DF615-192C-3564-B3EF-CCB5D858BC0E}.Debug|x86.Build.0 = Debug|Win32
		{924DF615-192C-3564-B3EF-CCB5D858BC0E}.Release|ARM.ActiveCfg = Release|Win32
		{924DF615-192C-3564-B3EF-CCB5D858BC0E}.Release|x64.ActiveCfg = Release|Win32
		{924DF615-192C-3564-B3EF-CCB5D858BC0E}.Release|x86.ActiveCfg = Release|Win32
		{924DF615-192C-3564-B3EF-CCB5D858BC0E}.Release|x86.Build.0 = Release|Win32
		{8318DB72-E472-4356-81BC-927D90BC9BAE}.Debug|ARM.ActiveCfg = Release|Win32
		{8318DB72-E472-4356-81BC-927D90BC9BAE}.Debug|x64.ActiveCfg = Debug|Win32
		{8318DB72-E472-4356-81BC-927D90BC9BAE}.Debug|x86.ActiveCfg = Debug|Win32
		{8318DB72-E472-4356-81BC-927D90BC9BAE}.Debug|x86.Build.0 = Debug|Win32
		{8318DB72-E472-4356-81BC-927D90BC9BAE}.Release|ARM.ActiveCfg = Release|Win32
		{8318DB72-E472-4356-81BC-927D90BC9BAE}.Release|x64.ActiveCfg = Release|Win32
		{8318DB72-E472-4356-81BC-927D90BC9BAE}.Release|x86.ActiveCfg = Release|Win32
		{8318DB72-E472-4356-81BC-927D90BC9BAE}.Release|x86.Build.0 = Release|Win32
	EndGlobalSection
	GlobalSection(SolutionProperties) = preSolution
		HideSolutionNode = FALSE
	EndGlobalSection
	GlobalSection(ExtensibilityGlobals) = postSolution
		SolutionGuid = {51EDC770-1AE6-4784-9C2B-29F856A773FD}
	EndGlobalSection
EndGlobal
